
Microsoft Visual Studio Solution File, Format Version 12.00
# Visual Studio Version 16
VisualStudioVersion = 16.0.29411.108
MinimumVisualStudioVersion = 10.0.40219.1
Project("{FAE04EC0-301F-11D3-BF4B-00C04F79EFBC}") = "ComplexCheckers", "ComplexCheckers\ComplexCheckers.csproj", "{1CD5252B-F00A-4FBD-9E1E-3CC42A2DBF93}"
EndProject
Global
	GlobalSection(SolutionConfigurationPlatforms) = preSolution
		Debug|Any CPU = Debug|Any CPU
		Release|Any CPU = Release|Any CPU
	EndGlobalSection
	GlobalSection(ProjectConfigurationPlatforms) = postSolution
		{1CD5252B-F00A-4FBD-9E1E-3CC42A2DBF93}.Debug|Any CPU.ActiveCfg = Debug|Any CPU
		{1CD5252B-F00A-4FBD-9E1E-3CC42A2DBF93}.Debug|Any CPU.Build.0 = Debug|Any CPU
		{1CD5252B-F00A-4FBD-9E1E-3CC42A2DBF93}.Release|Any CPU.ActiveCfg = Release|Any CPU
		{1CD5252B-F00A-4FBD-9E1E-3CC42A2DBF93}.Release|Any CPU.Build.0 = Release|Any CPU
	EndGlobalSection
	GlobalSection(SolutionProperties) = preSolution
		HideSolutionNode = FALSE
	EndGlobalSection
	GlobalSection(ExtensibilityGlobals) = postSolution
		SolutionGuid = {B2F7FE12-73B1-4F18-8F82-D93B3E231647}
	EndGlobalSection
EndGlobal
